#MicroXplorer Configuration settings - do not modify
#Wed Mar 04 17:16:02 EST 2015
FATFS.IPParameters=_USE_LFN,_USE_MKFS
FATFS._USE_LFN=3
FATFS._USE_MKFS=1
FMC.AddressSetupTime1=0
FMC.BusTurnAroundDuration1=0
FMC.DataSetupTime1=2
FMC.IPParameters=AddressSetupTime1,WriteOperation1,DataSetupTime1,BusTurnAroundDuration1
FMC.WriteOperation1=FMC_WRITE_OPERATION_ENABLE
File.Version=4
I2C1.IPParameters=NoStretchMode
I2C1.NoStretchMode=I2C_NOSTRETCH_DISABLED
KeepUserPlacement=true
LTDC.ActiveH-RGB565=240
LTDC.ActiveW-RGB565=320
LTDC.DEPolarity-RGB565=LTDC_DEPOLARITY_AL
LTDC.HBP-RGB565=70
LTDC.HFP-RGB565=18
LTDC.HSync-RGB565=1
LTDC.IPParameters=VSync-RGB565,DEPolarity-RGB565,ActiveH-RGB565,HFP-RGB565,VBP-RGB565,ActiveW-RGB565,VFP-RGB565,HBP-RGB565,HSync-RGB565
LTDC.VBP-RGB565=13
LTDC.VFP-RGB565=10
LTDC.VSync-RGB565=1
Mcu.Family=STM32F4
Mcu.IP0=DAC
Mcu.IP1=DMA2D
Mcu.IP10=SPI2
Mcu.IP11=SPI3
Mcu.IP12=SPI5
Mcu.IP13=SYS
Mcu.IP14=USART1
Mcu.IP15=USART6
Mcu.IP2=FATFS
Mcu.IP3=FMC
Mcu.IP4=I2C1
Mcu.IP5=LTDC
Mcu.IP6=NVIC
Mcu.IP7=RCC
Mcu.IP8=RNG
Mcu.IP9=SDIO
Mcu.IPNb=16
Mcu.Name=STM32F439I(G-I)Tx
Mcu.Package=LQFP176
Mcu.Pin0=PE3
Mcu.Pin1=PE4
Mcu.Pin10=PF2
Mcu.Pin11=PF3
Mcu.Pin12=PF4
Mcu.Pin13=PF5
Mcu.Pin14=PF7
Mcu.Pin15=PF8
Mcu.Pin16=PF9
Mcu.Pin17=PF10
Mcu.Pin18=PH0/OSC_IN
Mcu.Pin19=PH1/OSC_OUT
Mcu.Pin2=PI8
Mcu.Pin20=PC2
Mcu.Pin21=PH4
Mcu.Pin22=PA3
Mcu.Pin23=PA4
Mcu.Pin24=PA5
Mcu.Pin25=PA6
Mcu.Pin26=PB0
Mcu.Pin27=PB1
Mcu.Pin28=PF12
Mcu.Pin29=PF13
Mcu.Pin3=PC13
Mcu.Pin30=PF14
Mcu.Pin31=PF15
Mcu.Pin32=PG0
Mcu.Pin33=PG1
Mcu.Pin34=PE7
Mcu.Pin35=PE8
Mcu.Pin36=PE9
Mcu.Pin37=PE10
Mcu.Pin38=PE11
Mcu.Pin39=PE12
Mcu.Pin4=PC14/OSC32_IN
Mcu.Pin40=PE13
Mcu.Pin41=PE14
Mcu.Pin42=PE15
Mcu.Pin43=PB10
Mcu.Pin44=PB11
Mcu.Pin45=PH11
Mcu.Pin46=PB13
Mcu.Pin47=PD8
Mcu.Pin48=PD9
Mcu.Pin49=PD10
Mcu.Pin5=PC15/OSC32_OUT
Mcu.Pin50=PD11
Mcu.Pin51=PD12
Mcu.Pin52=PD13
Mcu.Pin53=PD14
Mcu.Pin54=PD15
Mcu.Pin55=PG2
Mcu.Pin56=PG3
Mcu.Pin57=PG4
Mcu.Pin58=PG5
Mcu.Pin59=PG6
Mcu.Pin6=PI9
Mcu.Pin60=PG7
Mcu.Pin61=PG8
Mcu.Pin62=PC6
Mcu.Pin63=PC7
Mcu.Pin64=PC8
Mcu.Pin65=PC9
Mcu.Pin66=PA8
Mcu.Pin67=PA9
Mcu.Pin68=PA10
Mcu.Pin69=PA11
Mcu.Pin7=PI10
Mcu.Pin70=PA13
Mcu.Pin71=PH14
Mcu.Pin72=PI0
Mcu.Pin73=PI1
Mcu.Pin74=PI2
Mcu.Pin75=PA14
Mcu.Pin76=PC10
Mcu.Pin77=PC11
Mcu.Pin78=PC12
Mcu.Pin79=PD0
Mcu.Pin8=PF0
Mcu.Pin80=PD1
Mcu.Pin81=PD2
Mcu.Pin82=PD4
Mcu.Pin83=PD5
Mcu.Pin84=PD6
Mcu.Pin85=PD7
Mcu.Pin86=PG11
Mcu.Pin87=PG12
Mcu.Pin88=PB3
Mcu.Pin89=PB6
Mcu.Pin9=PF1
Mcu.Pin90=PB7
Mcu.Pin91=PE0
Mcu.Pin92=PE1
Mcu.Pin93=PI6
Mcu.Pin94=PI7
Mcu.Pin95=VP_DMA2D_VS_DMA2D
Mcu.Pin96=VP_FATFS_VS_SDIO
Mcu.Pin97=VP_RNG_VS_RNG
Mcu.PinsNb=98
Mcu.UserName=STM32F439IITx
MxCube.Version=4.5.0
NVIC.PriorityGroup=NVIC_PRIORITYGROUP_4
NVIC.SysTick_IRQn=true\:0\:0\:false
PA10.GPIOParameters=GPIO_Label,GPIO_Speed,GPIO_PuPd,GPIO_Mode
PA10.GPIO_Label=DEBUG_INOUT
PA10.GPIO_Mode=GPIO_MODE_AF_PP
PA10.GPIO_PuPd=GPIO_PULLUP
PA10.GPIO_Speed=GPIO_SPEED_MEDIUM
PA10.Mode=Asynchronous
PA10.Signal=USART1_RX
PA11.GPIOParameters=GPIO_Speed,GPIO_PuPd,GPIO_Mode
PA11.GPIO_Mode=GPIO_MODE_AF_PP
PA11.GPIO_PuPd=GPIO_NOPULL
PA11.GPIO_Speed=GPIO_SPEED_MEDIUM
PA11.Mode=RGB565
PA11.Signal=LTDC_R4
PA13.Mode=Serial-Wire
PA13.Signal=SYS_JTMS-SWDIO
PA14.Mode=Serial-Wire
PA14.Signal=SYS_JTCK-SWCLK
PA3.GPIOParameters=GPIO_Speed,GPIO_PuPd,GPIO_Mode
PA3.GPIO_Mode=GPIO_MODE_AF_PP
PA3.GPIO_PuPd=GPIO_NOPULL
PA3.GPIO_Speed=GPIO_SPEED_MEDIUM
PA3.Mode=RGB565
PA3.Signal=LTDC_B5
PA4.GPIOParameters=GPIO_Label,GPIO_PuPd,GPIO_Mode
PA4.GPIO_Label=SE_AUDO_L
PA4.GPIO_Mode=GPIO_MODE_ANALOG
PA4.GPIO_PuPd=GPIO_NOPULL
PA4.Signal=COMP_DAC1_group
PA5.GPIOParameters=GPIO_Label,GPIO_PuPd,GPIO_Mode
PA5.GPIO_Label=SE_AUDO_R
PA5.GPIO_Mode=GPIO_MODE_ANALOG
PA5.GPIO_PuPd=GPIO_NOPULL
PA5.Signal=COMP_DAC2_group
PA6.GPIOParameters=GPIO_Speed,GPIO_PuPd,GPIO_Mode
PA6.GPIO_Mode=GPIO_MODE_AF_PP
PA6.GPIO_PuPd=GPIO_NOPULL
PA6.GPIO_Speed=GPIO_SPEED_MEDIUM
PA6.Mode=RGB565
PA6.Signal=LTDC_G2
PA8.Mode=Clock-out-1
PA8.Signal=RCC_MCO_1
PA9.GPIOParameters=GPIO_Label,GPIO_Speed,GPIO_PuPd,GPIO_Mode
PA9.GPIO_Label=DEBUG_INOUT
PA9.GPIO_Mode=GPIO_MODE_AF_PP
PA9.GPIO_PuPd=GPIO_PULLUP
PA9.GPIO_Speed=GPIO_SPEED_MEDIUM
PA9.Mode=Asynchronous
PA9.Signal=USART1_TX
PB0.GPIOParameters=GPIO_Speed,GPIO_PuPd,GPIO_Mode
PB0.GPIO_Mode=GPIO_MODE_AF_PP
PB0.GPIO_PuPd=GPIO_NOPULL
PB0.GPIO_Speed=GPIO_SPEED_MEDIUM
PB0.Mode=RGB565
PB0.Signal=LTDC_R3
PB1.GPIOParameters=GPIO_Speed,GPIO_PuPd,GPIO_Mode
PB1.GPIO_Mode=GPIO_MODE_AF_PP
PB1.GPIO_PuPd=GPIO_NOPULL
PB1.GPIO_Speed=GPIO_SPEED_MEDIUM
PB1.Mode=RGB565
PB1.Signal=LTDC_R6
PB10.GPIOParameters=GPIO_Speed,GPIO_PuPd,GPIO_Mode
PB10.GPIO_Mode=GPIO_MODE_AF_PP
PB10.GPIO_PuPd=GPIO_NOPULL
PB10.GPIO_Speed=GPIO_SPEED_MEDIUM
PB10.Mode=RGB565
PB10.Signal=LTDC_G4
PB11.GPIOParameters=GPIO_Speed,GPIO_PuPd,GPIO_Mode
PB11.GPIO_Mode=GPIO_MODE_AF_PP
PB11.GPIO_PuPd=GPIO_NOPULL
PB11.GPIO_Speed=GPIO_SPEED_MEDIUM
PB11.Mode=RGB565
PB11.Signal=LTDC_G5
PB13.GPIOParameters=GPIO_Label,GPIO_Speed,GPIO_PuPd,GPIO_Mode
PB13.GPIO_Label=BUTTON_INPUT_SPI
PB13.GPIO_Mode=GPIO_MODE_AF_PP
PB13.GPIO_PuPd=GPIO_NOPULL
PB13.GPIO_Speed=GPIO_SPEED_FAST
PB13.Mode=RX_Only_Simplex_Unidirect_Master
PB13.Signal=SPI2_SCK
PB3.GPIOParameters=GPIO_Speed,GPIO_PuPd,GPIO_Mode
PB3.GPIO_Mode=GPIO_MODE_AF_PP
PB3.GPIO_PuPd=GPIO_NOPULL
PB3.GPIO_Speed=GPIO_SPEED_FAST
PB3.Mode=TX_Only_Simplex_Unidirect_Master
PB3.Signal=SPI3_SCK
PB6.GPIOParameters=GPIO_Label,GPIO_Speed,GPIO_Mode,GPIO_PuPdOD
PB6.GPIO_Label=I2C_TOUCH_MP3_Control
PB6.GPIO_Mode=GPIO_MODE_AF_OD
PB6.GPIO_PuPdOD=GPIO_PULLUP
PB6.GPIO_Speed=GPIO_SPEED_LOW
PB6.Mode=I2C
PB6.Signal=I2C1_SCL
PB7.GPIOParameters=GPIO_Label,GPIO_Speed,GPIO_Mode,GPIO_PuPdOD
PB7.GPIO_Label=I2C_TOUCH_MP3_Control
PB7.GPIO_Mode=GPIO_MODE_AF_OD
PB7.GPIO_PuPdOD=GPIO_PULLUP
PB7.GPIO_Speed=GPIO_SPEED_LOW
PB7.Mode=I2C
PB7.Signal=I2C1_SDA
PC10.GPIOParameters=GPIO_Speed,GPIO_PuPd,GPIO_Mode
PC10.GPIO_Mode=GPIO_MODE_AF_PP
PC10.GPIO_PuPd=GPIO_NOPULL
PC10.GPIO_Speed=GPIO_SPEED_HIGH
PC10.Mode=SD_4_bits_Wide_bus
PC10.Signal=SDIO_D2
PC11.GPIOParameters=GPIO_Speed,GPIO_PuPd,GPIO_Mode
PC11.GPIO_Mode=GPIO_MODE_AF_PP
PC11.GPIO_PuPd=GPIO_NOPULL
PC11.GPIO_Speed=GPIO_SPEED_HIGH
PC11.Mode=SD_4_bits_Wide_bus
PC11.Signal=SDIO_D3
PC12.GPIOParameters=GPIO_Speed,GPIO_PuPd,GPIO_Mode
PC12.GPIO_Mode=GPIO_MODE_AF_PP
PC12.GPIO_PuPd=GPIO_NOPULL
PC12.GPIO_Speed=GPIO_SPEED_HIGH
PC12.Mode=SD_4_bits_Wide_bus
PC12.Signal=SDIO_CK
PC13.GPIOParameters=GPIO_ModeDefaultOutputPP,GPIO_Label,GPIO_Speed,GPIO_PuPd
PC13.GPIO_Label=STATUS_OUT 1
PC13.GPIO_ModeDefaultOutputPP=GPIO_MODE_OUTPUT_PP
PC13.GPIO_PuPd=GPIO_NOPULL
PC13.GPIO_Speed=GPIO_SPEED_LOW
PC13.Signal=GPIO_Output
PC14/OSC32_IN.Mode=LSE-External-Oscillator
PC14/OSC32_IN.Signal=RCC_OSC32_IN
PC15/OSC32_OUT.Mode=LSE-External-Oscillator
PC15/OSC32_OUT.Signal=RCC_OSC32_OUT
PC2.GPIOParameters=GPIO_Label,GPIO_Speed,GPIO_PuPd,GPIO_Mode
PC2.GPIO_Label=BUTTON_INPUT_SPI
PC2.GPIO_Mode=GPIO_MODE_AF_PP
PC2.GPIO_PuPd=GPIO_NOPULL
PC2.GPIO_Speed=GPIO_SPEED_FAST
PC2.Mode=RX_Only_Simplex_Unidirect_Master
PC2.Signal=SPI2_MISO
PC6.GPIOParameters=GPIO_Label,GPIO_Speed,GPIO_PuPd,GPIO_Mode
PC6.GPIO_Label=MULTIPLAYER
PC6.GPIO_Mode=GPIO_MODE_AF_PP
PC6.GPIO_PuPd=GPIO_PULLUP
PC6.GPIO_Speed=GPIO_SPEED_LOW
PC6.Mode=Asynchronous
PC6.Signal=USART6_TX
PC7.GPIOParameters=GPIO_Label,GPIO_Speed,GPIO_PuPd,GPIO_Mode
PC7.GPIO_Label=MULTIPLAYER
PC7.GPIO_Mode=GPIO_MODE_AF_PP
PC7.GPIO_PuPd=GPIO_PULLUP
PC7.GPIO_Speed=GPIO_SPEED_LOW
PC7.Mode=Asynchronous
PC7.Signal=USART6_RX
PC8.GPIOParameters=GPIO_Speed,GPIO_PuPd,GPIO_Mode
PC8.GPIO_Mode=GPIO_MODE_AF_PP
PC8.GPIO_PuPd=GPIO_NOPULL
PC8.GPIO_Speed=GPIO_SPEED_HIGH
PC8.Mode=SD_4_bits_Wide_bus
PC8.Signal=SDIO_D0
PC9.GPIOParameters=GPIO_Speed,GPIO_PuPd,GPIO_Mode
PC9.GPIO_Mode=GPIO_MODE_AF_PP
PC9.GPIO_PuPd=GPIO_NOPULL
PC9.GPIO_Speed=GPIO_SPEED_HIGH
PC9.Mode=SD_4_bits_Wide_bus
PC9.Signal=SDIO_D1
PCC.Family=STM32F4
PCC.MCU=STM32F439I(G-I)Tx
PCC.MXVersion=4.5.0
PCC.PartNumber=STM32F439IITx
PCC.Seq0=0
PCC.SubFamily=STM32F429/439
PCC.Temperature=25
PCC.Vdd=3.3
PD0.GPIOParameters=GPIO_Speed,GPIO_PuPd,GPIO_Mode
PD0.GPIO_Mode=GPIO_MODE_AF_PP
PD0.GPIO_PuPd=GPIO_NOPULL
PD0.GPIO_Speed=GPIO_SPEED_HIGH
PD0.Signal=FMC_D2_DA2
PD1.GPIOParameters=GPIO_Speed,GPIO_PuPd,GPIO_Mode
PD1.GPIO_Mode=GPIO_MODE_AF_PP
PD1.GPIO_PuPd=GPIO_NOPULL
PD1.GPIO_Speed=GPIO_SPEED_HIGH
PD1.Signal=FMC_D3_DA3
PD10.GPIOParameters=GPIO_Speed,GPIO_PuPd,GPIO_Mode
PD10.GPIO_Mode=GPIO_MODE_AF_PP
PD10.GPIO_PuPd=GPIO_NOPULL
PD10.GPIO_Speed=GPIO_SPEED_HIGH
PD10.Signal=FMC_D15_DA15
PD11.GPIOParameters=GPIO_Speed,GPIO_PuPd,GPIO_Mode
PD11.GPIO_Mode=GPIO_MODE_AF_PP
PD11.GPIO_PuPd=GPIO_NOPULL
PD11.GPIO_Speed=GPIO_SPEED_HIGH
PD11.Signal=FMC_A16_CLE
PD12.GPIOParameters=GPIO_Speed,GPIO_PuPd,GPIO_Mode
PD12.GPIO_Mode=GPIO_MODE_AF_PP
PD12.GPIO_PuPd=GPIO_NOPULL
PD12.GPIO_Speed=GPIO_SPEED_HIGH
PD12.Signal=FMC_A17_ALE
PD13.GPIOParameters=GPIO_Speed,GPIO_PuPd,GPIO_Mode
PD13.GPIO_Mode=GPIO_MODE_AF_PP
PD13.GPIO_PuPd=GPIO_NOPULL
PD13.GPIO_Speed=GPIO_SPEED_HIGH
PD13.Signal=FMC_A18
PD14.GPIOParameters=GPIO_Speed,GPIO_PuPd,GPIO_Mode
PD14.GPIO_Mode=GPIO_MODE_AF_PP
PD14.GPIO_PuPd=GPIO_NOPULL
PD14.GPIO_Speed=GPIO_SPEED_HIGH
PD14.Signal=FMC_D0_DA0
PD15.GPIOParameters=GPIO_Speed,GPIO_PuPd,GPIO_Mode
PD15.GPIO_Mode=GPIO_MODE_AF_PP
PD15.GPIO_PuPd=GPIO_NOPULL
PD15.GPIO_Speed=GPIO_SPEED_HIGH
PD15.Signal=FMC_D1_DA1
PD2.GPIOParameters=GPIO_Speed,GPIO_PuPd,GPIO_Mode
PD2.GPIO_Mode=GPIO_MODE_AF_PP
PD2.GPIO_PuPd=GPIO_NOPULL
PD2.GPIO_Speed=GPIO_SPEED_HIGH
PD2.Mode=SD_4_bits_Wide_bus
PD2.Signal=SDIO_CMD
PD4.GPIOParameters=GPIO_Speed,GPIO_PuPd,GPIO_Mode
PD4.GPIO_Mode=GPIO_MODE_AF_PP
PD4.GPIO_PuPd=GPIO_NOPULL
PD4.GPIO_Speed=GPIO_SPEED_HIGH
PD4.Signal=FMC_NOE
PD5.GPIOParameters=GPIO_Speed,GPIO_PuPd,GPIO_Mode
PD5.GPIO_Mode=GPIO_MODE_AF_PP
PD5.GPIO_PuPd=GPIO_NOPULL
PD5.GPIO_Speed=GPIO_SPEED_HIGH
PD5.Signal=FMC_NWE
PD6.GPIOParameters=GPIO_Speed,GPIO_PuPd,GPIO_Mode
PD6.GPIO_Mode=GPIO_MODE_AF_PP
PD6.GPIO_PuPd=GPIO_NOPULL
PD6.GPIO_Speed=GPIO_SPEED_FAST
PD6.Mode=TX_Only_Simplex_Unidirect_Master
PD6.Signal=SPI3_MOSI
PD7.GPIOParameters=GPIO_Speed,GPIO_PuPd,GPIO_Mode
PD7.GPIO_Mode=GPIO_MODE_AF_PP
PD7.GPIO_PuPd=GPIO_NOPULL
PD7.GPIO_Speed=GPIO_SPEED_HIGH
PD7.Mode=NorPsramChipSelect1_1
PD7.Signal=FMC_NE1
PD8.GPIOParameters=GPIO_Speed,GPIO_PuPd,GPIO_Mode
PD8.GPIO_Mode=GPIO_MODE_AF_PP
PD8.GPIO_PuPd=GPIO_NOPULL
PD8.GPIO_Speed=GPIO_SPEED_HIGH
PD8.Signal=FMC_D13_DA13
PD9.GPIOParameters=GPIO_Speed,GPIO_PuPd,GPIO_Mode
PD9.GPIO_Mode=GPIO_MODE_AF_PP
PD9.GPIO_PuPd=GPIO_NOPULL
PD9.GPIO_Speed=GPIO_SPEED_HIGH
PD9.Signal=FMC_D14_DA14
PE0.GPIOParameters=GPIO_Speed,GPIO_PuPd,GPIO_Mode
PE0.GPIO_Mode=GPIO_MODE_AF_PP
PE0.GPIO_PuPd=GPIO_NOPULL
PE0.GPIO_Speed=GPIO_SPEED_HIGH
PE0.Signal=FMC_NBL0
PE1.GPIOParameters=GPIO_Speed,GPIO_PuPd,GPIO_Mode
PE1.GPIO_Mode=GPIO_MODE_AF_PP
PE1.GPIO_PuPd=GPIO_NOPULL
PE1.GPIO_Speed=GPIO_SPEED_HIGH
PE1.Signal=FMC_NBL1
PE10.GPIOParameters=GPIO_Speed,GPIO_PuPd,GPIO_Mode
PE10.GPIO_Mode=GPIO_MODE_AF_PP
PE10.GPIO_PuPd=GPIO_NOPULL
PE10.GPIO_Speed=GPIO_SPEED_HIGH
PE10.Signal=FMC_D7_DA7
PE11.GPIOParameters=GPIO_Speed,GPIO_PuPd,GPIO_Mode
PE11.GPIO_Mode=GPIO_MODE_AF_PP
PE11.GPIO_PuPd=GPIO_NOPULL
PE11.GPIO_Speed=GPIO_SPEED_HIGH
PE11.Signal=FMC_D8_DA8
PE12.GPIOParameters=GPIO_Speed,GPIO_PuPd,GPIO_Mode
PE12.GPIO_Mode=GPIO_MODE_AF_PP
PE12.GPIO_PuPd=GPIO_NOPULL
PE12.GPIO_Speed=GPIO_SPEED_HIGH
PE12.Signal=FMC_D9_DA9
PE13.GPIOParameters=GPIO_Speed,GPIO_PuPd,GPIO_Mode
PE13.GPIO_Mode=GPIO_MODE_AF_PP
PE13.GPIO_PuPd=GPIO_NOPULL
PE13.GPIO_Speed=GPIO_SPEED_HIGH
PE13.Signal=FMC_D10_DA10
PE14.GPIOParameters=GPIO_Speed,GPIO_PuPd,GPIO_Mode
PE14.GPIO_Mode=GPIO_MODE_AF_PP
PE14.GPIO_PuPd=GPIO_NOPULL
PE14.GPIO_Speed=GPIO_SPEED_HIGH
PE14.Signal=FMC_D11_DA11
PE15.GPIOParameters=GPIO_Speed,GPIO_PuPd,GPIO_Mode
PE15.GPIO_Mode=GPIO_MODE_AF_PP
PE15.GPIO_PuPd=GPIO_NOPULL
PE15.GPIO_Speed=GPIO_SPEED_HIGH
PE15.Signal=FMC_D12_DA12
PE3.GPIOParameters=GPIO_Speed,GPIO_PuPd,GPIO_Mode
PE3.GPIO_Mode=GPIO_MODE_AF_PP
PE3.GPIO_PuPd=GPIO_NOPULL
PE3.GPIO_Speed=GPIO_SPEED_HIGH
PE3.Signal=FMC_A19
PE4.GPIOParameters=GPIO_Label,GPIO_PuPd,GPIO_Mode
PE4.GPIO_Label=SD Card detect
PE4.GPIO_Mode=GPIO_MODE_INPUT
PE4.GPIO_PuPd=GPIO_NOPULL
PE4.Signal=GPIO_Input
PE7.GPIOParameters=GPIO_Speed,GPIO_PuPd,GPIO_Mode
PE7.GPIO_Mode=GPIO_MODE_AF_PP
PE7.GPIO_PuPd=GPIO_NOPULL
PE7.GPIO_Speed=GPIO_SPEED_HIGH
PE7.Signal=FMC_D4_DA4
PE8.GPIOParameters=GPIO_Speed,GPIO_PuPd,GPIO_Mode
PE8.GPIO_Mode=GPIO_MODE_AF_PP
PE8.GPIO_PuPd=GPIO_NOPULL
PE8.GPIO_Speed=GPIO_SPEED_HIGH
PE8.Signal=FMC_D5_DA5
PE9.GPIOParameters=GPIO_Speed,GPIO_PuPd,GPIO_Mode
PE9.GPIO_Mode=GPIO_MODE_AF_PP
PE9.GPIO_PuPd=GPIO_NOPULL
PE9.GPIO_Speed=GPIO_SPEED_HIGH
PE9.Signal=FMC_D6_DA6
PF0.GPIOParameters=GPIO_Speed,GPIO_PuPd,GPIO_Mode
PF0.GPIO_Mode=GPIO_MODE_AF_PP
PF0.GPIO_PuPd=GPIO_NOPULL
PF0.GPIO_Speed=GPIO_SPEED_HIGH
PF0.Signal=FMC_A0
PF1.GPIOParameters=GPIO_Speed,GPIO_PuPd,GPIO_Mode
PF1.GPIO_Mode=GPIO_MODE_AF_PP
PF1.GPIO_PuPd=GPIO_NOPULL
PF1.GPIO_Speed=GPIO_SPEED_HIGH
PF1.Signal=FMC_A1
PF10.GPIOParameters=GPIO_Speed,GPIO_PuPd,GPIO_Mode
PF10.GPIO_Mode=GPIO_MODE_AF_PP
PF10.GPIO_PuPd=GPIO_NOPULL
PF10.GPIO_Speed=GPIO_SPEED_MEDIUM
PF10.Mode=RGB565
PF10.Signal=LTDC_DE
PF12.GPIOParameters=GPIO_Speed,GPIO_PuPd,GPIO_Mode
PF12.GPIO_Mode=GPIO_MODE_AF_PP
PF12.GPIO_PuPd=GPIO_NOPULL
PF12.GPIO_Speed=GPIO_SPEED_HIGH
PF12.Signal=FMC_A6
PF13.GPIOParameters=GPIO_Speed,GPIO_PuPd,GPIO_Mode
PF13.GPIO_Mode=GPIO_MODE_AF_PP
PF13.GPIO_PuPd=GPIO_NOPULL
PF13.GPIO_Speed=GPIO_SPEED_HIGH
PF13.Signal=FMC_A7
PF14.GPIOParameters=GPIO_Speed,GPIO_PuPd,GPIO_Mode
PF14.GPIO_Mode=GPIO_MODE_AF_PP
PF14.GPIO_PuPd=GPIO_NOPULL
PF14.GPIO_Speed=GPIO_SPEED_HIGH
PF14.Signal=FMC_A8
PF15.GPIOParameters=GPIO_Speed,GPIO_PuPd,GPIO_Mode
PF15.GPIO_Mode=GPIO_MODE_AF_PP
PF15.GPIO_PuPd=GPIO_NOPULL
PF15.GPIO_Speed=GPIO_SPEED_HIGH
PF15.Signal=FMC_A9
PF2.GPIOParameters=GPIO_Speed,GPIO_PuPd,GPIO_Mode
PF2.GPIO_Mode=GPIO_MODE_AF_PP
PF2.GPIO_PuPd=GPIO_NOPULL
PF2.GPIO_Speed=GPIO_SPEED_HIGH
PF2.Signal=FMC_A2
PF3.GPIOParameters=GPIO_Speed,GPIO_PuPd,GPIO_Mode
PF3.GPIO_Mode=GPIO_MODE_AF_PP
PF3.GPIO_PuPd=GPIO_NOPULL
PF3.GPIO_Speed=GPIO_SPEED_HIGH
PF3.Signal=FMC_A3
PF4.GPIOParameters=GPIO_Speed,GPIO_PuPd,GPIO_Mode
PF4.GPIO_Mode=GPIO_MODE_AF_PP
PF4.GPIO_PuPd=GPIO_NOPULL
PF4.GPIO_Speed=GPIO_SPEED_HIGH
PF4.Signal=FMC_A4
PF5.GPIOParameters=GPIO_Speed,GPIO_PuPd,GPIO_Mode
PF5.GPIO_Mode=GPIO_MODE_AF_PP
PF5.GPIO_PuPd=GPIO_NOPULL
PF5.GPIO_Speed=GPIO_SPEED_HIGH
PF5.Signal=FMC_A5
PF7.GPIOParameters=GPIO_Label,GPIO_Speed,GPIO_PuPd,GPIO_Mode
PF7.GPIO_Label=LCD_CONTROL
PF7.GPIO_Mode=GPIO_MODE_AF_PP
PF7.GPIO_PuPd=GPIO_NOPULL
PF7.GPIO_Speed=GPIO_SPEED_FAST
PF7.Mode=TX_Only_Simplex_Unidirect_Master
PF7.Signal=SPI5_SCK
PF8.GPIOParameters=GPIO_ModeDefaultOutputPP,GPIO_Label,GPIO_Speed,GPIO_PuPd
PF8.GPIO_Label=LCD_SPI_NEN
PF8.GPIO_ModeDefaultOutputPP=GPIO_MODE_OUTPUT_PP
PF8.GPIO_PuPd=GPIO_NOPULL
PF8.GPIO_Speed=GPIO_SPEED_LOW
PF8.Locked=true
PF8.Signal=GPIO_Output
PF9.GPIOParameters=GPIO_Label,GPIO_Speed,GPIO_PuPd,GPIO_Mode
PF9.GPIO_Label=LCD_CONTROL
PF9.GPIO_Mode=GPIO_MODE_AF_PP
PF9.GPIO_PuPd=GPIO_NOPULL
PF9.GPIO_Speed=GPIO_SPEED_FAST
PF9.Mode=TX_Only_Simplex_Unidirect_Master
PF9.Signal=SPI5_MOSI
PG0.GPIOParameters=GPIO_Speed,GPIO_PuPd,GPIO_Mode
PG0.GPIO_Mode=GPIO_MODE_AF_PP
PG0.GPIO_PuPd=GPIO_NOPULL
PG0.GPIO_Speed=GPIO_SPEED_HIGH
PG0.Signal=FMC_A10
PG1.GPIOParameters=GPIO_Speed,GPIO_PuPd,GPIO_Mode
PG1.GPIO_Mode=GPIO_MODE_AF_PP
PG1.GPIO_PuPd=GPIO_NOPULL
PG1.GPIO_Speed=GPIO_SPEED_HIGH
PG1.Signal=FMC_A11
PG11.GPIOParameters=GPIO_Speed,GPIO_PuPd,GPIO_Mode
PG11.GPIO_Mode=GPIO_MODE_AF_PP
PG11.GPIO_PuPd=GPIO_NOPULL
PG11.GPIO_Speed=GPIO_SPEED_MEDIUM
PG11.Mode=RGB565
PG11.Signal=LTDC_B3
PG12.GPIOParameters=GPIO_Speed,GPIO_PuPd,GPIO_Mode
PG12.GPIO_Mode=GPIO_MODE_AF_PP
PG12.GPIO_PuPd=GPIO_NOPULL
PG12.GPIO_Speed=GPIO_SPEED_MEDIUM
PG12.Mode=RGB565
PG12.Signal=LTDC_B4
PG2.GPIOParameters=GPIO_Speed,GPIO_PuPd,GPIO_Mode
PG2.GPIO_Mode=GPIO_MODE_AF_PP
PG2.GPIO_PuPd=GPIO_NOPULL
PG2.GPIO_Speed=GPIO_SPEED_HIGH
PG2.Signal=FMC_A12
PG3.GPIOParameters=GPIO_Speed,GPIO_PuPd,GPIO_Mode
PG3.GPIO_Mode=GPIO_MODE_AF_PP
PG3.GPIO_PuPd=GPIO_NOPULL
PG3.GPIO_Speed=GPIO_SPEED_HIGH
PG3.Signal=FMC_A13
PG4.GPIOParameters=GPIO_Speed,GPIO_PuPd,GPIO_Mode
PG4.GPIO_Mode=GPIO_MODE_AF_PP
PG4.GPIO_PuPd=GPIO_NOPULL
PG4.GPIO_Speed=GPIO_SPEED_HIGH
PG4.Signal=FMC_A14_BA0
PG5.GPIOParameters=GPIO_Speed,GPIO_PuPd,GPIO_Mode
PG5.GPIO_Mode=GPIO_MODE_AF_PP
PG5.GPIO_PuPd=GPIO_NOPULL
PG5.GPIO_Speed=GPIO_SPEED_HIGH
PG5.Signal=FMC_A15_BA1
PG6.GPIOParameters=GPIO_Speed,GPIO_PuPd,GPIO_Mode
PG6.GPIO_Mode=GPIO_MODE_AF_PP
PG6.GPIO_PuPd=GPIO_NOPULL
PG6.GPIO_Speed=GPIO_SPEED_MEDIUM
PG6.Mode=RGB565
PG6.Signal=LTDC_R7
PG7.GPIOParameters=GPIO_Speed,GPIO_PuPd,GPIO_Mode
PG7.GPIO_Mode=GPIO_MODE_AF_PP
PG7.GPIO_PuPd=GPIO_NOPULL
PG7.GPIO_Speed=GPIO_SPEED_MEDIUM
PG7.Mode=RGB565
PG7.Signal=LTDC_CLK
PG8.GPIOParameters=GPIO_ModeDefaultOutputPP,GPIO_Label,GPIO_Speed,GPIO_PuPd
PG8.GPIO_Label=INPUT_LATCH
PG8.GPIO_ModeDefaultOutputPP=GPIO_MODE_OUTPUT_PP
PG8.GPIO_PuPd=GPIO_NOPULL
PG8.GPIO_Speed=GPIO_SPEED_LOW
PG8.Locked=true
PG8.Signal=GPIO_Output
PH0/OSC_IN.Mode=HSE-External-Oscillator
PH0/OSC_IN.Signal=RCC_OSC_IN
PH1/OSC_OUT.Mode=HSE-External-Oscillator
PH1/OSC_OUT.Signal=RCC_OSC_OUT
PH11.GPIOParameters=GPIO_Speed,GPIO_PuPd,GPIO_Mode
PH11.GPIO_Mode=GPIO_MODE_AF_PP
PH11.GPIO_PuPd=GPIO_NOPULL
PH11.GPIO_Speed=GPIO_SPEED_MEDIUM
PH11.Mode=RGB565
PH11.Signal=LTDC_R5
PH14.GPIOParameters=GPIO_Speed,GPIO_PuPd,GPIO_Mode
PH14.GPIO_Mode=GPIO_MODE_AF_PP
PH14.GPIO_PuPd=GPIO_NOPULL
PH14.GPIO_Speed=GPIO_SPEED_MEDIUM
PH14.Mode=RGB565
PH14.Signal=LTDC_G3
PH4.Locked=true
PH4.Signal=GPXTI4
PI0.GPIOParameters=GPIO_Label,GPIO_ModeDefaultEXTI,GPIO_PuPd
PI0.GPIO_Label=MP3_DR
PI0.GPIO_ModeDefaultEXTI=GPIO_MODE_EVT_RISING
PI0.GPIO_PuPd=GPIO_NOPULL
PI0.Locked=true
PI0.Signal=GPXTI0
PI1.GPIOParameters=GPIO_Speed,GPIO_PuPd,GPIO_Mode
PI1.GPIO_Mode=GPIO_MODE_AF_PP
PI1.GPIO_PuPd=GPIO_NOPULL
PI1.GPIO_Speed=GPIO_SPEED_MEDIUM
PI1.Mode=RGB565
PI1.Signal=LTDC_G6
PI10.GPIOParameters=GPIO_Speed,GPIO_PuPd,GPIO_Mode
PI10.GPIO_Mode=GPIO_MODE_AF_PP
PI10.GPIO_PuPd=GPIO_NOPULL
PI10.GPIO_Speed=GPIO_SPEED_MEDIUM
PI10.Mode=RGB565
PI10.Signal=LTDC_HSYNC
PI2.GPIOParameters=GPIO_Speed,GPIO_PuPd,GPIO_Mode
PI2.GPIO_Mode=GPIO_MODE_AF_PP
PI2.GPIO_PuPd=GPIO_NOPULL
PI2.GPIO_Speed=GPIO_SPEED_MEDIUM
PI2.Mode=RGB565
PI2.Signal=LTDC_G7
PI6.GPIOParameters=GPIO_Speed,GPIO_PuPd,GPIO_Mode
PI6.GPIO_Mode=GPIO_MODE_AF_PP
PI6.GPIO_PuPd=GPIO_NOPULL
PI6.GPIO_Speed=GPIO_SPEED_MEDIUM
PI6.Mode=RGB565
PI6.Signal=LTDC_B6
PI7.GPIOParameters=GPIO_Speed,GPIO_PuPd,GPIO_Mode
PI7.GPIO_Mode=GPIO_MODE_AF_PP
PI7.GPIO_PuPd=GPIO_NOPULL
PI7.GPIO_Speed=GPIO_SPEED_MEDIUM
PI7.Mode=RGB565
PI7.Signal=LTDC_B7
PI8.GPIOParameters=GPIO_ModeDefaultOutputPP,GPIO_Label,GPIO_Speed,GPIO_PuPd
PI8.GPIO_Label=STATUS_OUT 0
PI8.GPIO_ModeDefaultOutputPP=GPIO_MODE_OUTPUT_PP
PI8.GPIO_PuPd=GPIO_NOPULL
PI8.GPIO_Speed=GPIO_SPEED_LOW
PI8.Signal=GPIO_Output
PI9.GPIOParameters=GPIO_Speed,GPIO_PuPd,GPIO_Mode
PI9.GPIO_Mode=GPIO_MODE_AF_PP
PI9.GPIO_PuPd=GPIO_NOPULL
PI9.GPIO_Speed=GPIO_SPEED_MEDIUM
PI9.Mode=RGB565
PI9.Signal=LTDC_VSYNC
ProjectManager.AskForMigrate=true
ProjectManager.BackupPrevious=false
ProjectManager.CompilerOptimize=2
ProjectManager.ComputerToolchain=false
ProjectManager.CoupleFile=false
ProjectManager.DeletePrevious=false
ProjectManager.DeviceId=STM32F439IITx
ProjectManager.FirmwarePackage=STM32Cube FW_F4 V1.3.0
ProjectManager.FreePins=false
ProjectManager.HalAssertFull=false
ProjectManager.KeepUserCode=true
ProjectManager.LastFirmware=true
ProjectManager.LibraryCopy=0
ProjectManager.ProjectBuild=false
ProjectManager.ProjectFileName=GameMan_Template.ioc
ProjectManager.ProjectName=GameMan_Template
ProjectManager.TargetToolchain=MDK-ARM 4.73
RCC.48MHZClocksFreq_Value=45000000
RCC.AHBFreq_Value=180000000
RCC.APB1CLKDivider=RCC_HCLK_DIV4
RCC.APB1Freq_Value=45000000
RCC.APB1TimFreq_Value=90000000
RCC.APB2CLKDivider=RCC_HCLK_DIV4
RCC.APB2Freq_Value=45000000
RCC.APB2TimFreq_Value=90000000
RCC.CortexFreq_Value=22500000
RCC.EthernetFreq_Value=180000000
RCC.FCLKCortexFreq_Value=180000000
RCC.FamilyName=M
RCC.HCLKFreq_Value=180000000
RCC.HSE_VALUE=10000000
RCC.HSI_VALUE=16000000
RCC.I2SClocksFreq_Value=96000000
RCC.IPParameters=HCLKFreq_Value,SYSCLKFreq_VALUE,I2SClocksFreq_Value,FamilyName,PLLCLKFreq_Value,RTCHSEDivFreq_Value,APB2CLKDivider,RTCFreq_Value,LSE_VALUE,SAI_AClocksFreq_Value,SYSCLKSource,MCO2PinFreq_Value,CortexFreq_Value,FCLKCortexFreq_Value,APB1CLKDivider,PLLSourceVirtual,VCOSAIOutputFreq_ValueR,APB2Freq_Value,PLLSAIR,VCOI2SOutputFreq_Value,SAI_BClocksFreq_Value,PLLN,VcooutputI2SQ,APB2TimFreq_Value,HSE_VALUE,VCOSAIOutputFreq_ValueQ,PLLM,HSI_VALUE,LCDTFTFreq_Value,PLLQ,PLLSAIDivR,VcooutputI2S,APB1Freq_Value,APB1TimFreq_Value,PLLSAIN,48MHZClocksFreq_Value,AHBFreq_Value,LSI_VALUE,VCOInputFreq_Value,VCOOutputFreq_Value,EthernetFreq_Value,VCOSAIOutputFreq_Value
RCC.LCDTFTFreq_Value=6400000
RCC.LSE_VALUE=32768
RCC.LSI_VALUE=32000
RCC.MCO2PinFreq_Value=180000000
RCC.PLLCLKFreq_Value=180000000
RCC.PLLM=10
RCC.PLLN=360
RCC.PLLQ=8
RCC.PLLSAIDivR=RCC_PLLSAIDIVR_8
RCC.PLLSAIN=256
RCC.PLLSAIR=5
RCC.PLLSourceVirtual=RCC_PLLSOURCE_HSE
RCC.RTCFreq_Value=32000
RCC.RTCHSEDivFreq_Value=5000000
RCC.SAI_AClocksFreq_Value=64000000
RCC.SAI_BClocksFreq_Value=64000000
RCC.SYSCLKFreq_VALUE=180000000
RCC.SYSCLKSource=RCC_SYSCLKSOURCE_PLLCLK
RCC.VCOI2SOutputFreq_Value=192000000
RCC.VCOInputFreq_Value=1000000
RCC.VCOOutputFreq_Value=360000000
RCC.VCOSAIOutputFreq_Value=256000000
RCC.VCOSAIOutputFreq_ValueQ=64000000
RCC.VCOSAIOutputFreq_ValueR=51200000
RCC.VcooutputI2S=96000000
RCC.VcooutputI2SQ=96000000
SDIO.BusWide-SD_4_bits_Wide_bus=SDIO_BUS_WIDE_4B
SDIO.IPParameters=BusWide-SD_4_bits_Wide_bus
SH.COMP_DAC1_group.0=DAC_OUT1,DAC_OUT1
SH.COMP_DAC1_group.ConfNb=1
SH.COMP_DAC2_group.0=DAC_OUT2,DAC_OUT2
SH.COMP_DAC2_group.ConfNb=1
SH.FMC_A0.0=FMC_A0,20b-a1
SH.FMC_A0.ConfNb=1
SH.FMC_A1.0=FMC_A1,20b-a1
SH.FMC_A1.ConfNb=1
SH.FMC_A10.0=FMC_A10,20b-a1
SH.FMC_A10.ConfNb=1
SH.FMC_A11.0=FMC_A11,20b-a1
SH.FMC_A11.ConfNb=1
SH.FMC_A12.0=FMC_A12,20b-a1
SH.FMC_A12.ConfNb=1
SH.FMC_A13.0=FMC_A13,20b-a1
SH.FMC_A13.ConfNb=1
SH.FMC_A14_BA0.0=FMC_A14,20b-a1
SH.FMC_A14_BA0.ConfNb=1
SH.FMC_A15_BA1.0=FMC_A15,20b-a1
SH.FMC_A15_BA1.ConfNb=1
SH.FMC_A16_CLE.0=FMC_A16,20b-a1
SH.FMC_A16_CLE.ConfNb=1
SH.FMC_A17_ALE.0=FMC_A17,20b-a1
SH.FMC_A17_ALE.ConfNb=1
SH.FMC_A18.0=FMC_A18,20b-a1
SH.FMC_A18.ConfNb=1
SH.FMC_A19.0=FMC_A19,20b-a1
SH.FMC_A19.ConfNb=1
SH.FMC_A2.0=FMC_A2,20b-a1
SH.FMC_A2.ConfNb=1
SH.FMC_A3.0=FMC_A3,20b-a1
SH.FMC_A3.ConfNb=1
SH.FMC_A4.0=FMC_A4,20b-a1
SH.FMC_A4.ConfNb=1
SH.FMC_A5.0=FMC_A5,20b-a1
SH.FMC_A5.ConfNb=1
SH.FMC_A6.0=FMC_A6,20b-a1
SH.FMC_A6.ConfNb=1
SH.FMC_A7.0=FMC_A7,20b-a1
SH.FMC_A7.ConfNb=1
SH.FMC_A8.0=FMC_A8,20b-a1
SH.FMC_A8.ConfNb=1
SH.FMC_A9.0=FMC_A9,20b-a1
SH.FMC_A9.ConfNb=1
SH.FMC_D0_DA0.0=FMC_D0,16b-d1
SH.FMC_D0_DA0.ConfNb=1
SH.FMC_D10_DA10.0=FMC_D10,16b-d1
SH.FMC_D10_DA10.ConfNb=1
SH.FMC_D11_DA11.0=FMC_D11,16b-d1
SH.FMC_D11_DA11.ConfNb=1
SH.FMC_D12_DA12.0=FMC_D12,16b-d1
SH.FMC_D12_DA12.ConfNb=1
SH.FMC_D13_DA13.0=FMC_D13,16b-d1
SH.FMC_D13_DA13.ConfNb=1
SH.FMC_D14_DA14.0=FMC_D14,16b-d1
SH.FMC_D14_DA14.ConfNb=1
SH.FMC_D15_DA15.0=FMC_D15,16b-d1
SH.FMC_D15_DA15.ConfNb=1
SH.FMC_D1_DA1.0=FMC_D1,16b-d1
SH.FMC_D1_DA1.ConfNb=1
SH.FMC_D2_DA2.0=FMC_D2,16b-d1
SH.FMC_D2_DA2.ConfNb=1
SH.FMC_D3_DA3.0=FMC_D3,16b-d1
SH.FMC_D3_DA3.ConfNb=1
SH.FMC_D4_DA4.0=FMC_D4,16b-d1
SH.FMC_D4_DA4.ConfNb=1
SH.FMC_D5_DA5.0=FMC_D5,16b-d1
SH.FMC_D5_DA5.ConfNb=1
SH.FMC_D6_DA6.0=FMC_D6,16b-d1
SH.FMC_D6_DA6.ConfNb=1
SH.FMC_D7_DA7.0=FMC_D7,16b-d1
SH.FMC_D7_DA7.ConfNb=1
SH.FMC_D8_DA8.0=FMC_D8,16b-d1
SH.FMC_D8_DA8.ConfNb=1
SH.FMC_D9_DA9.0=FMC_D9,16b-d1
SH.FMC_D9_DA9.ConfNb=1
SH.FMC_NBL0.0=FMC_NBL0,2ByteEnable1
SH.FMC_NBL0.ConfNb=1
SH.FMC_NBL1.0=FMC_NBL1,2ByteEnable1
SH.FMC_NBL1.ConfNb=1
SH.FMC_NOE.0=FMC_NOE,Sram1
SH.FMC_NOE.ConfNb=1
SH.FMC_NWE.0=FMC_NWE,Sram1
SH.FMC_NWE.ConfNb=1
SH.GPXTI0.0=GPIO_EXTI0
SH.GPXTI0.ConfNb=1
SH.GPXTI4.0=GPIO_EXTI4
SH.GPXTI4.ConfNb=1
SPI2.CalculateBaudRate-RX_Only_Simplex_Unidirect_Master=22.5 MBits/s
SPI2.DataSize-RX_Only_Simplex_Unidirect_Master=SPI_DATASIZE_16BIT
SPI2.Direction-RX_Only_Simplex_Unidirect_Master=SPI_DIRECTION_2LINES_RXONLY
SPI2.IPParameters=CalculateBaudRate-RX_Only_Simplex_Unidirect_Master,DataSize-RX_Only_Simplex_Unidirect_Master,Direction-RX_Only_Simplex_Unidirect_Master,Mode-RX_Only_Simplex_Unidirect_Master
SPI2.Mode-RX_Only_Simplex_Unidirect_Master=SPI_MODE_MASTER
SPI3.BaudRatePrescaler-TX_Only_Simplex_Unidirect_Master=SPI_BAUDRATEPRESCALER_4
SPI3.CLKPolarity-TX_Only_Simplex_Unidirect_Master=SPI_POLARITY_HIGH
SPI3.CalculateBaudRate-TX_Only_Simplex_Unidirect_Master=11.25 MBits/s
SPI3.IPParameters=CLKPolarity-TX_Only_Simplex_Unidirect_Master,CalculateBaudRate-TX_Only_Simplex_Unidirect_Master,BaudRatePrescaler-TX_Only_Simplex_Unidirect_Master,Mode-TX_Only_Simplex_Unidirect_Master
SPI3.Mode-TX_Only_Simplex_Unidirect_Master=SPI_MODE_MASTER
SPI5.BaudRatePrescaler-TX_Only_Simplex_Unidirect_Master=SPI_BAUDRATEPRESCALER_16
SPI5.CalculateBaudRate-TX_Only_Simplex_Unidirect_Master=2.8125 MBits/s
SPI5.IPParameters=CalculateBaudRate-TX_Only_Simplex_Unidirect_Master,BaudRatePrescaler-TX_Only_Simplex_Unidirect_Master,Mode-TX_Only_Simplex_Unidirect_Master
SPI5.Mode-TX_Only_Simplex_Unidirect_Master=SPI_MODE_MASTER
USART1.BaudRate=9600
USART1.IPParameters=BaudRate
VP_DMA2D_VS_DMA2D.Mode=DMA2D_Activate
VP_DMA2D_VS_DMA2D.Signal=DMA2D_VS_DMA2D
VP_FATFS_VS_SDIO.Mode=SDIO
VP_FATFS_VS_SDIO.Signal=FATFS_VS_SDIO
VP_RNG_VS_RNG.Mode=RNG_Activate
VP_RNG_VS_RNG.Signal=RNG_VS_RNG
